
Microsoft Visual Studio Solution File, Format Version 12.00
# Visual Studio 2012
Project("{FAE04EC0-301F-11D3-BF4B-00C04F79EFBC}") = "ButWaitTheresMore", "ButWaitTheresMore\ButWaitTheresMore.csproj", "{6FA7C8FF-9A94-440E-AEAC-97DA1F843995}"
EndProject
Project("{FAE04EC0-301F-11D3-BF4B-00C04F79EFBC}") = "ButWaitTheresMore.Test", "ButWaitTheresMore.Test\ButWaitTheresMore.Test.csproj", "{2131E650-D688-450D-8B20-2BB14D108522}"
EndProject
Project("{F088123C-0E9E-452A-89E6-6BA2F21D5CAC}") = "ButWaitTheresMore.Model", "ButWaitTheresMore.Model\ButWaitTheresMore.Model.modelproj", "{C916FD7D-C5D8-4DCC-88ED-B00FA087F6A9}"
EndProject
Global
	GlobalSection(SolutionConfigurationPlatforms) = preSolution
		Debug|Any CPU = Debug|Any CPU
		Release|Any CPU = Release|Any CPU
	EndGlobalSection
	GlobalSection(ProjectConfigurationPlatforms) = postSolution
		{6FA7C8FF-9A94-440E-AEAC-97DA1F843995}.Debug|Any CPU.ActiveCfg = Debug|Any CPU
		{6FA7C8FF-9A94-440E-AEAC-97DA1F843995}.Debug|Any CPU.Build.0 = Debug|Any CPU
		{6FA7C8FF-9A94-440E-AEAC-97DA1F843995}.Release|Any CPU.ActiveCfg = Release|Any CPU
		{6FA7C8FF-9A94-440E-AEAC-97DA1F843995}.Release|Any CPU.Build.0 = Release|Any CPU
		{2131E650-D688-450D-8B20-2BB14D108522}.Debug|Any CPU.ActiveCfg = Debug|Any CPU
		{2131E650-D688-450D-8B20-2BB14D108522}.Debug|Any CPU.Build.0 = Debug|Any CPU
		{2131E650-D688-450D-8B20-2BB14D108522}.Release|Any CPU.ActiveCfg = Release|Any CPU
		{2131E650-D688-450D-8B20-2BB14D108522}.Release|Any CPU.Build.0 = Release|Any CPU
		{C916FD7D-C5D8-4DCC-88ED-B00FA087F6A9}.Debug|Any CPU.ActiveCfg = Debug|Any CPU
		{C916FD7D-C5D8-4DCC-88ED-B00FA087F6A9}.Debug|Any CPU.Build.0 = Debug|Any CPU
		{C916FD7D-C5D8-4DCC-88ED-B00FA087F6A9}.Release|Any CPU.ActiveCfg = Release|Any CPU
		{C916FD7D-C5D8-4DCC-88ED-B00FA087F6A9}.Release|Any CPU.Build.0 = Release|Any CPU
	EndGlobalSection
	GlobalSection(SolutionProperties) = preSolution
		HideSolutionNode = FALSE
	EndGlobalSection
EndGlobal
